// !$*UTF8*$!
{
	archiveVersion = 1;
	classes = {
	};
	objectVersion = 77;
	objects = {

/* Begin PBXBuildFile section */
		0B55E2B4E2EF2CD19AD897E2 /* VitalStrideWatchApp.swift in Sources */ = {isa = PBXBuildFile; fileRef = 2D5161EBA086096752446678 /* VitalStrideWatchApp.swift */; };
		5BC82AE5EF8EBDC442F87625 /* VitalStrideMacApp.swift in Sources */ = {isa = PBXBuildFile; fileRef = 53E2999CCCA6100A9F2ED6BB /* VitalStrideMacApp.swift */; };
		67175014078591B2774B9C67 /* VitalStrideApp.swift in Sources */ = {isa = PBXBuildFile; fileRef = 071236CB53D23D49D2A21097 /* VitalStrideApp.swift */; };
		76FB5A8A11D2069B5E954920 /* MacContentView.swift in Sources */ = {isa = PBXBuildFile; fileRef = DD97B72E45FF000CBB6CB02E /* MacContentView.swift */; };
		96343A2A26C10DDBD084321B /* WatchContentView.swift in Sources */ = {isa = PBXBuildFile; fileRef = F3C1602AD27E06391177A4A4 /* WatchContentView.swift */; };
		9C33F574F875DF0EBF073483 /* Assets.xcassets in Resources */ = {isa = PBXBuildFile; fileRef = C59FE92FB9187A2F490E733E /* Assets.xcassets */; };
		ACFCFCD2F630CFD1D9C8E427 /* Assets.xcassets in Resources */ = {isa = PBXBuildFile; fileRef = 28F9B1C238C968D436D8F621 /* Assets.xcassets */; };
		B3B7DFDD012B532133BEA402 /* ContentView.swift in Sources */ = {isa = PBXBuildFile; fileRef = DFB417E93D025427554CBB31 /* ContentView.swift */; };
		EA2925A7C0F167DD4CBEC374 /* Assets.xcassets in Resources */ = {isa = PBXBuildFile; fileRef = 675947C2C88283D7D81E0FD0 /* Assets.xcassets */; };
/* End PBXBuildFile section */

/* Begin PBXFileReference section */
		071236CB53D23D49D2A21097 /* VitalStrideApp.swift */ = {isa = PBXFileReference; lastKnownFileType = sourcecode.swift; path = VitalStrideApp.swift; sourceTree = "<group>"; };
		28F9B1C238C968D436D8F621 /* Assets.xcassets */ = {isa = PBXFileReference; lastKnownFileType = folder.assetcatalog; path = Assets.xcassets; sourceTree = "<group>"; };
		2D5161EBA086096752446678 /* VitalStrideWatchApp.swift */ = {isa = PBXFileReference; lastKnownFileType = sourcecode.swift; path = VitalStrideWatchApp.swift; sourceTree = "<group>"; };
		53E2999CCCA6100A9F2ED6BB /* VitalStrideMacApp.swift */ = {isa = PBXFileReference; lastKnownFileType = sourcecode.swift; path = VitalStrideMacApp.swift; sourceTree = "<group>"; };
		58C946AE957021F69C8E2C60 /* VitalStrideWatch Watch App.app */ = {isa = PBXFileReference; explicitFileType = wrapper.application; includeInIndex = 0; path = "VitalStrideWatch Watch App.app"; sourceTree = BUILT_PRODUCTS_DIR; };
		62752D819DEC3C928DEE3CB1 /* VitalStrideMac.app */ = {isa = PBXFileReference; explicitFileType = wrapper.application; includeInIndex = 0; path = VitalStrideMac.app; sourceTree = BUILT_PRODUCTS_DIR; };
		675947C2C88283D7D81E0FD0 /* Assets.xcassets */ = {isa = PBXFileReference; lastKnownFileType = folder.assetcatalog; path = Assets.xcassets; sourceTree = "<group>"; };
		9D2F46A6B7B993E95FDAA5C5 /* VitalStride.app */ = {isa = PBXFileReference; includeInIndex = 0; lastKnownFileType = wrapper.application; path = VitalStride.app; sourceTree = BUILT_PRODUCTS_DIR; };
		C59FE92FB9187A2F490E733E /* Assets.xcassets */ = {isa = PBXFileReference; lastKnownFileType = folder.assetcatalog; path = Assets.xcassets; sourceTree = "<group>"; };
		DD97B72E45FF000CBB6CB02E /* MacContentView.swift */ = {isa = PBXFileReference; lastKnownFileType = sourcecode.swift; path = MacContentView.swift; sourceTree = "<group>"; };
		DFB417E93D025427554CBB31 /* ContentView.swift */ = {isa = PBXFileReference; lastKnownFileType = sourcecode.swift; path = ContentView.swift; sourceTree = "<group>"; };
		F3C1602AD27E06391177A4A4 /* WatchContentView.swift */ = {isa = PBXFileReference; lastKnownFileType = sourcecode.swift; path = WatchContentView.swift; sourceTree = "<group>"; };
/* End PBXFileReference section */

/* Begin PBXGroup section */
		17E6C9B6A8116CE05BD63862 /* Sources */ = {
			isa = PBXGroup;
			children = (
				2D5161EBA086096752446678 /* VitalStrideWatchApp.swift */,
				F3C1602AD27E06391177A4A4 /* WatchContentView.swift */,
			);
			name = Sources;
			path = "VitalStrideWatch Watch App/Sources";
			sourceTree = "<group>";
		};
		38376C392227BD26A61E2EB0 /* Sources */ = {
			isa = PBXGroup;
			children = (
				DFB417E93D025427554CBB31 /* ContentView.swift */,
				071236CB53D23D49D2A21097 /* VitalStrideApp.swift */,
			);
			name = Sources;
			path = VitalStride/Sources;
			sourceTree = "<group>";
		};
		4F76D572EDEF9D524C3C458D /* VitalStrideWatch Watch App */ = {
			isa = PBXGroup;
			children = (
				C59FE92FB9187A2F490E733E /* Assets.xcassets */,
			);
			path = "VitalStrideWatch Watch App";
			sourceTree = "<group>";
		};
		709A8293A9188956CF675353 /* Products */ = {
			isa = PBXGroup;
			children = (
				9D2F46A6B7B993E95FDAA5C5 /* VitalStride.app */,
				62752D819DEC3C928DEE3CB1 /* VitalStrideMac.app */,
				58C946AE957021F69C8E2C60 /* VitalStrideWatch Watch App.app */,
			);
			name = Products;
			sourceTree = "<group>";
		};
		AB684A45C0D2385FE180FA9C /* VitalStrideMac */ = {
			isa = PBXGroup;
			children = (
				675947C2C88283D7D81E0FD0 /* Assets.xcassets */,
			);
			path = VitalStrideMac;
			sourceTree = "<group>";
		};
		B3378ED2D8A67C2D50B13DAD /* VitalStride */ = {
			isa = PBXGroup;
			children = (
				28F9B1C238C968D436D8F621 /* Assets.xcassets */,
			);
			path = VitalStride;
			sourceTree = "<group>";
		};
		DA9BBD3DA585F24745B41651 = {
			isa = PBXGroup;
			children = (
				38376C392227BD26A61E2EB0 /* Sources */,
				F5E36055BE7023DF511A5352 /* Sources */,
				17E6C9B6A8116CE05BD63862 /* Sources */,
				B3378ED2D8A67C2D50B13DAD /* VitalStride */,
				AB684A45C0D2385FE180FA9C /* VitalStrideMac */,
				4F76D572EDEF9D524C3C458D /* VitalStrideWatch Watch App */,
				709A8293A9188956CF675353 /* Products */,
			);
			sourceTree = "<group>";
		};
		F5E36055BE7023DF511A5352 /* Sources */ = {
			isa = PBXGroup;
			children = (
				DD97B72E45FF000CBB6CB02E /* MacContentView.swift */,
				53E2999CCCA6100A9F2ED6BB /* VitalStrideMacApp.swift */,
			);
			name = Sources;
			path = VitalStrideMac/Sources;
			sourceTree = "<group>";
		};
/* End PBXGroup section */

/* Begin PBXNativeTarget section */
		014DB075EC88DB68BB66224D /* VitalStride */ = {
			isa = PBXNativeTarget;
			buildConfigurationList = FC88F62230EB4B7588A831C4 /* Build configuration list for PBXNativeTarget "VitalStride" */;
			buildPhases = (
				49635A3925B6A32DA3E2DC62 /* Sources */,
				6FEDD5D158689FB030481B32 /* Resources */,
			);
			buildRules = (
			);
			dependencies = (
			);
			name = VitalStride;
			packageProductDependencies = (
			);
			productName = VitalStride;
			productReference = 9D2F46A6B7B993E95FDAA5C5 /* VitalStride.app */;
			productType = "com.apple.product-type.application";
		};
		6868D7B2B319ADA46F70B615 /* VitalStrideWatch Watch App */ = {
			isa = PBXNativeTarget;
			buildConfigurationList = CBDB41EA5B6903F69164FED3 /* Build configuration list for PBXNativeTarget "VitalStrideWatch Watch App" */;
			buildPhases = (
				EC82F89D0625F83CFCB9AFCB /* Sources */,
				7FCB7926BF397249DF67777B /* Resources */,
			);
			buildRules = (
			);
			dependencies = (
			);
			name = "VitalStrideWatch Watch App";
			packageProductDependencies = (
			);
			productName = "VitalStrideWatch Watch App";
			productReference = 58C946AE957021F69C8E2C60 /* VitalStrideWatch Watch App.app */;
			productType = "com.apple.product-type.application";
		};
		F192035F877F1B2AA721CDCF /* VitalStrideMac */ = {
			isa = PBXNativeTarget;
			buildConfigurationList = 5944BFE0054AF2F9448917CA /* Build configuration list for PBXNativeTarget "VitalStrideMac" */;
			buildPhases = (
				181A9C801EEE996BA456675F /* Sources */,
				D98C58BA1F8528DDA9E44AAD /* Resources */,
			);
			buildRules = (
			);
			dependencies = (
			);
			name = VitalStrideMac;
			packageProductDependencies = (
			);
			productName = VitalStrideMac;
			productReference = 62752D819DEC3C928DEE3CB1 /* VitalStrideMac.app */;
			productType = "com.apple.product-type.application";
		};
/* End PBXNativeTarget section */

/* Begin PBXProject section */
		05D27E8A4B6AC68E00793EFF /* Project object */ = {
			isa = PBXProject;
			attributes = {
				BuildIndependentTargetsInParallel = YES;
				LastUpgradeCheck = 2650;
				TargetAttributes = {
				};
			};
			buildConfigurationList = C29019B9ACC18F1CF4D99877 /* Build configuration list for PBXProject "VitalStride" */;
			developmentRegion = en;
			hasScannedForEncodings = 0;
			knownRegions = (
				Base,
				en,
			);
			mainGroup = DA9BBD3DA585F24745B41651;
			minimizedProjectReferenceProxies = 1;
			preferredProjectObjectVersion = 77;
			productRefGroup = 709A8293A9188956CF675353 /* Products */;
			projectDirPath = "";
			projectRoot = "";
			targets = (
				014DB075EC88DB68BB66224D /* VitalStride */,
				F192035F877F1B2AA721CDCF /* VitalStrideMac */,
				6868D7B2B319ADA46F70B615 /* VitalStrideWatch Watch App */,
			);
		};
/* End PBXProject section */

/* Begin PBXResourcesBuildPhase section */
		6FEDD5D158689FB030481B32 /* Resources */ = {
			isa = PBXResourcesBuildPhase;
			buildActionMask = 2147483647;
			files = (
				ACFCFCD2F630CFD1D9C8E427 /* Assets.xcassets in Resources */,
			);
			runOnlyForDeploymentPostprocessing = 0;
		};
		7FCB7926BF397249DF67777B /* Resources */ = {
			isa = PBXResourcesBuildPhase;
			buildActionMask = 2147483647;
			files = (
				9C33F574F875DF0EBF073483 /* Assets.xcassets in Resources */,
			);
			runOnlyForDeploymentPostprocessing = 0;
		};
		D98C58BA1F8528DDA9E44AAD /* Resources */ = {
			isa = PBXResourcesBuildPhase;
			buildActionMask = 2147483647;
			files = (
				EA2925A7C0F167DD4CBEC374 /* Assets.xcassets in Resources */,
			);
			runOnlyForDeploymentPostprocessing = 0;
		};
/* End PBXResourcesBuildPhase section */

/* Begin PBXSourcesBuildPhase section */
		181A9C801EEE996BA456675F /* Sources */ = {
			isa = PBXSourcesBuildPhase;
			buildActionMask = 2147483647;
			files = (
				76FB5A8A11D2069B5E954920 /* MacContentView.swift in Sources */,
				5BC82AE5EF8EBDC442F87625 /* VitalStrideMacApp.swift in Sources */,
			);
			runOnlyForDeploymentPostprocessing = 0;
		};
		49635A3925B6A32DA3E2DC62 /* Sources */ = {
			isa = PBXSourcesBuildPhase;
			buildActionMask = 2147483647;
			files = (
				B3B7DFDD012B532133BEA402 /* ContentView.swift in Sources */,
				67175014078591B2774B9C67 /* VitalStrideApp.swift in Sources */,
			);
			runOnlyForDeploymentPostprocessing = 0;
		};
		EC82F89D0625F83CFCB9AFCB /* Sources */ = {
			isa = PBXSourcesBuildPhase;
			buildActionMask = 2147483647;
			files = (
				0B55E2B4E2EF2CD19AD897E2 /* VitalStrideWatchApp.swift in Sources */,
				96343A2A26C10DDBD084321B /* WatchContentView.swift in Sources */,
			);
			runOnlyForDeploymentPostprocessing = 0;
		};
/* End PBXSourcesBuildPhase section */

/* Begin XCBuildConfiguration section */
		24E9B7081BE4E2CD4D68F33F /* Debug */ = {
			isa = XCBuildConfiguration;
			buildSettings = {
				ASSETCATALOG_COMPILER_APPICON_NAME = AppIcon;
				ASSETCATALOG_COMPILER_GLOBAL_ACCENT_COLOR_NAME = AccentColor;
				CODE_SIGN_IDENTITY = "iPhone Developer";
				CURRENT_PROJECT_VERSION = 1;
				GENERATE_INFOPLIST_FILE = YES;
				INFOPLIST_GENERATION_MODE = GeneratedByBuildSystem;
				LD_RUNPATH_SEARCH_PATHS = (
					"$(inherited)",
					"@executable_path/Frameworks",
				);
				MARKETING_VERSION = 1.0;
				PRODUCT_BUNDLE_IDENTIFIER = com.vitalstride.ios;
				PRODUCT_NAME = VitalStride;
				SDKROOT = iphoneos;
				SUPPORTED_INTERFACE_ORIENTATIONS = "UIInterfaceOrientationPortrait UIInterfaceOrientationLandscapeLeft UIInterfaceOrientationLandscapeRight";
				"SUPPORTED_INTERFACE_ORIENTATIONS~ipad" = "UIInterfaceOrientationPortrait UIInterfaceOrientationPortraitUpsideDown UIInterfaceOrientationLandscapeLeft UIInterfaceOrientationLandscapeRight";
				SWIFT_EMIT_LOC_STRINGS = YES;
				TARGETED_DEVICE_FAMILY = "1,2";
			};
			name = Debug;
		};
		2BEE8ADBD88D3DEB8A4ED506 /* Debug */ = {
			isa = XCBuildConfiguration;
			buildSettings = {
				ASSETCATALOG_COMPILER_APPICON_NAME = AppIcon;
				CURRENT_PROJECT_VERSION = 1;
				GENERATE_INFOPLIST_FILE = YES;
				INFOPLIST_GENERATION_MODE = GeneratedByBuildSystem;
				MARKETING_VERSION = 1.0;
				PRODUCT_BUNDLE_IDENTIFIER = com.vitalstride.watchos;
				PRODUCT_NAME = "VitalStrideWatch Watch App";
				SDKROOT = watchos;
				SKIP_INSTALL = YES;
				SWIFT_EMIT_LOC_STRINGS = YES;
				TARGETED_DEVICE_FAMILY = 4;
				WATCHOS_DEPLOYMENT_TARGET = 11.0;
			};
			name = Debug;
		};
		448B2581FF2848996C3CF81C /* Release */ = {
			isa = XCBuildConfiguration;
			buildSettings = {
				ALWAYS_SEARCH_USER_PATHS = NO;
				CLANG_ANALYZER_NONNULL = YES;
				CLANG_ANALYZER_NUMBER_OBJECT_CONVERSION = YES_AGGRESSIVE;
				CLANG_CXX_LANGUAGE_STANDARD = "gnu++14";
				CLANG_CXX_LIBRARY = "libc++";
				CLANG_ENABLE_MODULES = YES;
				CLANG_ENABLE_OBJC_ARC = YES;
				CLANG_ENABLE_OBJC_WEAK = YES;
				CLANG_WARN_BLOCK_CAPTURE_AUTORELEASING = YES;
				CLANG_WARN_BOOL_CONVERSION = YES;
				CLANG_WARN_COMMA = YES;
				CLANG_WARN_CONSTANT_CONVERSION = YES;
				CLANG_WARN_DEPRECATED_OBJC_IMPLEMENTATIONS = YES;
				CLANG_WARN_DIRECT_OBJC_ISA_USAGE = YES_ERROR;
				CLANG_WARN_DOCUMENTATION_COMMENTS = YES;
				CLANG_WARN_EMPTY_BODY = YES;
				CLANG_WARN_ENUM_CONVERSION = YES;
				CLANG_WARN_INFINITE_RECURSION = YES;
				CLANG_WARN_INT_CONVERSION = YES;
				CLANG_WARN_NON_LITERAL_NULL_CONVERSION = YES;
				CLANG_WARN_OBJC_IMPLICIT_RETAIN_SELF = YES;
				CLANG_WARN_OBJC_LITERAL_CONVERSION = YES;
				CLANG_WARN_OBJC_ROOT_CLASS = YES_ERROR;
				CLANG_WARN_QUOTED_INCLUDE_IN_FRAMEWORK_HEADER = YES;
				CLANG_WARN_RANGE_LOOP_ANALYSIS = YES;
				CLANG_WARN_STRICT_PROTOTYPES = YES;
				CLANG_WARN_SUSPICIOUS_MOVE = YES;
				CLANG_WARN_UNGUARDED_AVAILABILITY = YES_AGGRESSIVE;
				CLANG_WARN_UNREACHABLE_CODE = YES;
				CLANG_WARN__DUPLICATE_METHOD_MATCH = YES;
				COPY_PHASE_STRIP = NO;
				DEBUG_INFORMATION_FORMAT = "dwarf-with-dsym";
				ENABLE_NS_ASSERTIONS = NO;
				ENABLE_STRICT_OBJC_MSGSEND = YES;
				ENABLE_USER_SCRIPT_SANDBOXING = YES;
				GCC_C_LANGUAGE_STANDARD = gnu11;
				GCC_NO_COMMON_BLOCKS = YES;
				GCC_WARN_64_TO_32_BIT_CONVERSION = YES;
				GCC_WARN_ABOUT_RETURN_TYPE = YES_ERROR;
				GCC_WARN_UNDECLARED_SELECTOR = YES;
				GCC_WARN_UNINITIALIZED_AUTOS = YES_AGGRESSIVE;
				GCC_WARN_UNUSED_FUNCTION = YES;
				GCC_WARN_UNUSED_VARIABLE = YES;
				IPHONEOS_DEPLOYMENT_TARGET = 18.0;
				MACOSX_DEPLOYMENT_TARGET = 15.0;
				MTL_ENABLE_DEBUG_INFO = NO;
				MTL_FAST_MATH = YES;
				PRODUCT_NAME = "$(TARGET_NAME)";
				SWIFT_COMPILATION_MODE = wholemodule;
				SWIFT_OPTIMIZATION_LEVEL = "-O";
				SWIFT_VERSION = 6.0;
				WATCHOS_DEPLOYMENT_TARGET = 11.0;
			};
			name = Release;
		};
		8928BC1F8D1BBC8007751648 /* Release */ = {
			isa = XCBuildConfiguration;
			buildSettings = {
				ASSETCATALOG_COMPILER_APPICON_NAME = AppIcon;
				ASSETCATALOG_COMPILER_GLOBAL_ACCENT_COLOR_NAME = AccentColor;
				CODE_SIGN_IDENTITY = "iPhone Developer";
				CURRENT_PROJECT_VERSION = 1;
				GENERATE_INFOPLIST_FILE = YES;
				INFOPLIST_GENERATION_MODE = GeneratedByBuildSystem;
				LD_RUNPATH_SEARCH_PATHS = (
					"$(inherited)",
					"@executable_path/Frameworks",
				);
				MARKETING_VERSION = 1.0;
				PRODUCT_BUNDLE_IDENTIFIER = com.vitalstride.ios;
				PRODUCT_NAME = VitalStride;
				SDKROOT = iphoneos;
				SUPPORTED_INTERFACE_ORIENTATIONS = "UIInterfaceOrientationPortrait UIInterfaceOrientationLandscapeLeft UIInterfaceOrientationLandscapeRight";
				"SUPPORTED_INTERFACE_ORIENTATIONS~ipad" = "UIInterfaceOrientationPortrait UIInterfaceOrientationPortraitUpsideDown UIInterfaceOrientationLandscapeLeft UIInterfaceOrientationLandscapeRight";
				SWIFT_EMIT_LOC_STRINGS = YES;
				TARGETED_DEVICE_FAMILY = "1,2";
			};
			name = Release;
		};
		8A35EFFF66307B07F05FCB24 /* Release */ = {
			isa = XCBuildConfiguration;
			buildSettings = {
				ASSETCATALOG_COMPILER_APPICON_NAME = AppIcon;
				CURRENT_PROJECT_VERSION = 1;
				GENERATE_INFOPLIST_FILE = YES;
				INFOPLIST_GENERATION_MODE = GeneratedByBuildSystem;
				MARKETING_VERSION = 1.0;
				PRODUCT_BUNDLE_IDENTIFIER = com.vitalstride.watchos;
				PRODUCT_NAME = "VitalStrideWatch Watch App";
				SDKROOT = watchos;
				SKIP_INSTALL = YES;
				SWIFT_EMIT_LOC_STRINGS = YES;
				TARGETED_DEVICE_FAMILY = 4;
				WATCHOS_DEPLOYMENT_TARGET = 11.0;
			};
			name = Release;
		};
		9ED354A4BE3EC2EB3BCF47AB /* Debug */ = {
			isa = XCBuildConfiguration;
			buildSettings = {
				ALWAYS_SEARCH_USER_PATHS = NO;
				CLANG_ANALYZER_NONNULL = YES;
				CLANG_ANALYZER_NUMBER_OBJECT_CONVERSION = YES_AGGRESSIVE;
				CLANG_CXX_LANGUAGE_STANDARD = "gnu++14";
				CLANG_CXX_LIBRARY = "libc++";
				CLANG_ENABLE_MODULES = YES;
				CLANG_ENABLE_OBJC_ARC = YES;
				CLANG_ENABLE_OBJC_WEAK = YES;
				CLANG_WARN_BLOCK_CAPTURE_AUTORELEASING = YES;
				CLANG_WARN_BOOL_CONVERSION = YES;
				CLANG_WARN_COMMA = YES;
				CLANG_WARN_CONSTANT_CONVERSION = YES;
				CLANG_WARN_DEPRECATED_OBJC_IMPLEMENTATIONS = YES;
				CLANG_WARN_DIRECT_OBJC_ISA_USAGE = YES_ERROR;
				CLANG_WARN_DOCUMENTATION_COMMENTS = YES;
				CLANG_WARN_EMPTY_BODY = YES;
				CLANG_WARN_ENUM_CONVERSION = YES;
				CLANG_WARN_INFINITE_RECURSION = YES;
				CLANG_WARN_INT_CONVERSION = YES;
				CLANG_WARN_NON_LITERAL_NULL_CONVERSION = YES;
				CLANG_WARN_OBJC_IMPLICIT_RETAIN_SELF = YES;
				CLANG_WARN_OBJC_LITERAL_CONVERSION = YES;
				CLANG_WARN_OBJC_ROOT_CLASS = YES_ERROR;
				CLANG_WARN_QUOTED_INCLUDE_IN_FRAMEWORK_HEADER = YES;
				CLANG_WARN_RANGE_LOOP_ANALYSIS = YES;
				CLANG_WARN_STRICT_PROTOTYPES = YES;
				CLANG_WARN_SUSPICIOUS_MOVE = YES;
				CLANG_WARN_UNGUARDED_AVAILABILITY = YES_AGGRESSIVE;
				CLANG_WARN_UNREACHABLE_CODE = YES;
				CLANG_WARN__DUPLICATE_METHOD_MATCH = YES;
				COPY_PHASE_STRIP = NO;
				DEBUG_INFORMATION_FORMAT = dwarf;
				ENABLE_STRICT_OBJC_MSGSEND = YES;
				ENABLE_TESTABILITY = YES;
				ENABLE_USER_SCRIPT_SANDBOXING = YES;
				GCC_C_LANGUAGE_STANDARD = gnu11;
				GCC_DYNAMIC_NO_PIC = NO;
				GCC_NO_COMMON_BLOCKS = YES;
				GCC_OPTIMIZATION_LEVEL = 0;
				GCC_PREPROCESSOR_DEFINITIONS = (
					"$(inherited)",
					"DEBUG=1",
				);
				GCC_WARN_64_TO_32_BIT_CONVERSION = YES;
				GCC_WARN_ABOUT_RETURN_TYPE = YES_ERROR;
				GCC_WARN_UNDECLARED_SELECTOR = YES;
				GCC_WARN_UNINITIALIZED_AUTOS = YES_AGGRESSIVE;
				GCC_WARN_UNUSED_FUNCTION = YES;
				GCC_WARN_UNUSED_VARIABLE = YES;
				IPHONEOS_DEPLOYMENT_TARGET = 18.0;
				MACOSX_DEPLOYMENT_TARGET = 15.0;
				MTL_ENABLE_DEBUG_INFO = INCLUDE_SOURCE;
				MTL_FAST_MATH = YES;
				ONLY_ACTIVE_ARCH = YES;
				PRODUCT_NAME = "$(TARGET_NAME)";
				SWIFT_ACTIVE_COMPILATION_CONDITIONS = DEBUG;
				SWIFT_OPTIMIZATION_LEVEL = "-Onone";
				SWIFT_VERSION = 6.0;
				WATCHOS_DEPLOYMENT_TARGET = 11.0;
			};
			name = Debug;
		};
		A357B764ACA00B7F4C898B2A /* Release */ = {
			isa = XCBuildConfiguration;
			buildSettings = {
				ASSETCATALOG_COMPILER_APPICON_NAME = AppIcon;
				COMBINE_HIDPI_IMAGES = YES;
				CURRENT_PROJECT_VERSION = 1;
				GENERATE_INFOPLIST_FILE = YES;
				INFOPLIST_GENERATION_MODE = GeneratedByBuildSystem;
				LD_RUNPATH_SEARCH_PATHS = (
					"$(inherited)",
					"@executable_path/../Frameworks",
				);
				MARKETING_VERSION = 1.0;
				PRODUCT_BUNDLE_IDENTIFIER = com.vitalstride.mac;
				PRODUCT_NAME = VitalStride;
				SDKROOT = macosx;
				SWIFT_EMIT_LOC_STRINGS = YES;
			};
			name = Release;
		};
		F4932DBAEA8504D27664F13B /* Debug */ = {
			isa = XCBuildConfiguration;
			buildSettings = {
				ASSETCATALOG_COMPILER_APPICON_NAME = AppIcon;
				COMBINE_HIDPI_IMAGES = YES;
				CURRENT_PROJECT_VERSION = 1;
				GENERATE_INFOPLIST_FILE = YES;
				INFOPLIST_GENERATION_MODE = GeneratedByBuildSystem;
				LD_RUNPATH_SEARCH_PATHS = (
					"$(inherited)",
					"@executable_path/../Frameworks",
				);
				MARKETING_VERSION = 1.0;
				PRODUCT_BUNDLE_IDENTIFIER = com.vitalstride.mac;
				PRODUCT_NAME = VitalStride;
				SDKROOT = macosx;
				SWIFT_EMIT_LOC_STRINGS = YES;
			};
			name = Debug;
		};
/* End XCBuildConfiguration section */

/* Begin XCConfigurationList section */
		5944BFE0054AF2F9448917CA /* Build configuration list for PBXNativeTarget "VitalStrideMac" */ = {
			isa = XCConfigurationList;
			buildConfigurations = (
				F4932DBAEA8504D27664F13B /* Debug */,
				A357B764ACA00B7F4C898B2A /* Release */,
			);
			defaultConfigurationIsVisible = 0;
			defaultConfigurationName = Debug;
		};
		C29019B9ACC18F1CF4D99877 /* Build configuration list for PBXProject "VitalStride" */ = {
			isa = XCConfigurationList;
			buildConfigurations = (
				9ED354A4BE3EC2EB3BCF47AB /* Debug */,
				448B2581FF2848996C3CF81C /* Release */,
			);
			defaultConfigurationIsVisible = 0;
			defaultConfigurationName = Debug;
		};
		CBDB41EA5B6903F69164FED3 /* Build configuration list for PBXNativeTarget "VitalStrideWatch Watch App" */ = {
			isa = XCConfigurationList;
			buildConfigurations = (
				2BEE8ADBD88D3DEB8A4ED506 /* Debug */,
				8A35EFFF66307B07F05FCB24 /* Release */,
			);
			defaultConfigurationIsVisible = 0;
			defaultConfigurationName = Debug;
		};
		FC88F62230EB4B7588A831C4 /* Build configuration list for PBXNativeTarget "VitalStride" */ = {
			isa = XCConfigurationList;
			buildConfigurations = (
				24E9B7081BE4E2CD4D68F33F /* Debug */,
				8928BC1F8D1BBC8007751648 /* Release */,
			);
			defaultConfigurationIsVisible = 0;
			defaultConfigurationName = Debug;
		};
/* End XCConfigurationList section */
	};
	rootObject = 05D27E8A4B6AC68E00793EFF /* Project object */;
}
