// !$*UTF8*$!
{
	archiveVersion = 1;
	classes = {
	};
	objectVersion = 77;
	objects = {

/* Begin PBXBuildFile section */
		01554C50459216609FF79359 /* ExerciseSet.swift in Sources */ = {isa = PBXBuildFile; fileRef = 938F50FC09E60280C7A7F537 /* ExerciseSet.swift */; };
		01EFE3D5A4C3077D42137228 /* Exercise.swift in Sources */ = {isa = PBXBuildFile; fileRef = 4AA2554F283591756DFE2965 /* Exercise.swift */; };
		02642378D9BF2F904191BBEB /* InfoPlist.strings in Resources */ = {isa = PBXBuildFile; fileRef = 1E44844FA434AFA16F0D508E /* InfoPlist.strings */; };
		043CF31DB5AF369AFE927FD5 /* MuscleGroup.swift in Sources */ = {isa = PBXBuildFile; fileRef = CE6C445209C7B191B39DAE98 /* MuscleGroup.swift */; };
		0B55E2B4E2EF2CD19AD897E2 /* VitalStrideWatchApp.swift in Sources */ = {isa = PBXBuildFile; fileRef = 2D5161EBA086096752446678 /* VitalStrideWatchApp.swift */; };
		0C23EAE5A48220A5E29760B9 /* Equipment.swift in Sources */ = {isa = PBXBuildFile; fileRef = C0D600C48BB20A7020A162B2 /* Equipment.swift */; };
		101C321571822DFCFBCE91FA /* SetType.swift in Sources */ = {isa = PBXBuildFile; fileRef = A1C25971EA2F4706C5537041 /* SetType.swift */; };
		126582AB5759E2272C310C0C /* WorkoutListView.swift in Sources */ = {isa = PBXBuildFile; fileRef = 5A43C41979CBE53710FCF526 /* WorkoutListView.swift */; };
		12CDBB81C65AF82BEAAEE506 /* DataStoreErrorView.swift in Sources */ = {isa = PBXBuildFile; fileRef = 0370F8DB0A827D70A0A4607B /* DataStoreErrorView.swift */; };
		16DCED58417EEE34C696B02A /* exercises.json in Resources */ = {isa = PBXBuildFile; fileRef = EB421E42AE345C630DCD8E41 /* exercises.json */; };
		1B73C01B4D0DFC6DAC51D1C0 /* InfoPlist.strings in Resources */ = {isa = PBXBuildFile; fileRef = A18F09E32A54EF7AD32B7912 /* InfoPlist.strings */; };
		24748D02F57E66E81E0F25A4 /* Workout.swift in Sources */ = {isa = PBXBuildFile; fileRef = B57B30FBE0AD13BB07DD3156 /* Workout.swift */; };
		3000AEB41B45A418899053C6 /* WorkoutExercise.swift in Sources */ = {isa = PBXBuildFile; fileRef = C02FF0750D3E63AAA723ED31 /* WorkoutExercise.swift */; };
		437DB0DCB6CD86485F3A5007 /* WorkoutSource.swift in Sources */ = {isa = PBXBuildFile; fileRef = 12BC2439D6E3F3651F11F60A /* WorkoutSource.swift */; };
		458D06CA45AB46B8022D52D3 /* TemplateExercise.swift in Sources */ = {isa = PBXBuildFile; fileRef = 4ADD1FD316A4B61294EEB8E2 /* TemplateExercise.swift */; };
		4DEE8F9B5F7B04BD7FB32E85 /* WorkoutDetailView.swift in Sources */ = {isa = PBXBuildFile; fileRef = 39C8FC703D269FD6E3B9FA67 /* WorkoutDetailView.swift */; };
		57982ADD6D57B3B6DE630D06 /* Equipment.swift in Sources */ = {isa = PBXBuildFile; fileRef = C0D600C48BB20A7020A162B2 /* Equipment.swift */; };
		5BC82AE5EF8EBDC442F87625 /* VitalStrideMacApp.swift in Sources */ = {isa = PBXBuildFile; fileRef = 53E2999CCCA6100A9F2ED6BB /* VitalStrideMacApp.swift */; };
		6113F4812B6006315FB791EF /* Workout.swift in Sources */ = {isa = PBXBuildFile; fileRef = B57B30FBE0AD13BB07DD3156 /* Workout.swift */; };
		6346F42701BA4DCB9F951FD7 /* DataStoreErrorView.swift in Sources */ = {isa = PBXBuildFile; fileRef = 0370F8DB0A827D70A0A4607B /* DataStoreErrorView.swift */; };
		654F499C95DCCD4E9D42000A /* WorkoutTemplate.swift in Sources */ = {isa = PBXBuildFile; fileRef = 5CD6CBB4B8DB35E9942A3ADA /* WorkoutTemplate.swift */; };
		67175014078591B2774B9C67 /* VitalStrideApp.swift in Sources */ = {isa = PBXBuildFile; fileRef = 071236CB53D23D49D2A21097 /* VitalStrideApp.swift */; };
		68B5B0ABCCFEDADE35ECB80E /* SetType.swift in Sources */ = {isa = PBXBuildFile; fileRef = A1C25971EA2F4706C5537041 /* SetType.swift */; };
		6DD9EA5894C16A881C94A162 /* HealthKit.framework in Frameworks */ = {isa = PBXBuildFile; fileRef = 193733B006ED472D5112547F /* HealthKit.framework */; };
		6F675A5C74B023E76C785DD9 /* WorkoutSource.swift in Sources */ = {isa = PBXBuildFile; fileRef = 12BC2439D6E3F3651F11F60A /* WorkoutSource.swift */; };
		70172CBF29CE027197E4B353 /* WorkoutTemplate.swift in Sources */ = {isa = PBXBuildFile; fileRef = 5CD6CBB4B8DB35E9942A3ADA /* WorkoutTemplate.swift */; };
		76FB5A8A11D2069B5E954920 /* MacContentView.swift in Sources */ = {isa = PBXBuildFile; fileRef = DD97B72E45FF000CBB6CB02E /* MacContentView.swift */; };
		78888BA70E972F5799721BDF /* EnumTests.swift in Sources */ = {isa = PBXBuildFile; fileRef = A050A9A835B419E5ACB29DE7 /* EnumTests.swift */; };
		7997596F8FEC69D4F914D242 /* ActiveWorkoutView.swift in Sources */ = {isa = PBXBuildFile; fileRef = D9554ADC9FC53D70DC2F0EAB /* ActiveWorkoutView.swift */; };
		7DB882A21082800C633EE5F8 /* TemplateExercise.swift in Sources */ = {isa = PBXBuildFile; fileRef = 4ADD1FD316A4B61294EEB8E2 /* TemplateExercise.swift */; };
		80D4099CFC685385DB3E3DD2 /* SetType.swift in Sources */ = {isa = PBXBuildFile; fileRef = A1C25971EA2F4706C5537041 /* SetType.swift */; };
		8AF3CE23ECE9F1C9882ADA63 /* PlaceholderViews.swift in Sources */ = {isa = PBXBuildFile; fileRef = E261D81A8ABD9951B539D30B /* PlaceholderViews.swift */; };
		8C37CF233ECE8141B1852643 /* ModelContainerConfiguration.swift in Sources */ = {isa = PBXBuildFile; fileRef = D2D1B656D2FD06AFC7B59480 /* ModelContainerConfiguration.swift */; };
		9012AA4FB8A77D298CE2FDF5 /* Exercise.swift in Sources */ = {isa = PBXBuildFile; fileRef = 4AA2554F283591756DFE2965 /* Exercise.swift */; };
		96343A2A26C10DDBD084321B /* WatchContentView.swift in Sources */ = {isa = PBXBuildFile; fileRef = F3C1602AD27E06391177A4A4 /* WatchContentView.swift */; };
		991E7098402A03B81AC72803 /* WorkoutExercise.swift in Sources */ = {isa = PBXBuildFile; fileRef = C02FF0750D3E63AAA723ED31 /* WorkoutExercise.swift */; };
		9AB4F723EFEB0783FE30870E /* ModelTests.swift in Sources */ = {isa = PBXBuildFile; fileRef = B04C18A600A7AF1EB3B8F282 /* ModelTests.swift */; };
		9C33F574F875DF0EBF073483 /* Assets.xcassets in Resources */ = {isa = PBXBuildFile; fileRef = C59FE92FB9187A2F490E733E /* Assets.xcassets */; };
		9EB776759C28F0BBA16428EB /* WorkoutType.swift in Sources */ = {isa = PBXBuildFile; fileRef = 3429B0AFF73FC5C92B2D08F0 /* WorkoutType.swift */; };
		9ED118191FECD56AC3F44BD6 /* DataStoreErrorView.swift in Sources */ = {isa = PBXBuildFile; fileRef = 0370F8DB0A827D70A0A4607B /* DataStoreErrorView.swift */; };
		9F7B3EE24433BB31D094F486 /* Exercise.swift in Sources */ = {isa = PBXBuildFile; fileRef = 4AA2554F283591756DFE2965 /* Exercise.swift */; };
		A15DC42BCE27034144775AB0 /* ModelContainerConfiguration.swift in Sources */ = {isa = PBXBuildFile; fileRef = D2D1B656D2FD06AFC7B59480 /* ModelContainerConfiguration.swift */; };
		A47B05CF8C2B9CDCFEC8231F /* TemplateExercise.swift in Sources */ = {isa = PBXBuildFile; fileRef = 4ADD1FD316A4B61294EEB8E2 /* TemplateExercise.swift */; };
		A73EDDD6AB628111BC6E7575 /* ExerciseSet.swift in Sources */ = {isa = PBXBuildFile; fileRef = 938F50FC09E60280C7A7F537 /* ExerciseSet.swift */; };
		ACFCFCD2F630CFD1D9C8E427 /* Assets.xcassets in Resources */ = {isa = PBXBuildFile; fileRef = 28F9B1C238C968D436D8F621 /* Assets.xcassets */; };
		B36C0278DD6D2BB1F261BCAD /* WorkoutTemplate.swift in Sources */ = {isa = PBXBuildFile; fileRef = 5CD6CBB4B8DB35E9942A3ADA /* WorkoutTemplate.swift */; };
		B3B7DFDD012B532133BEA402 /* ContentView.swift in Sources */ = {isa = PBXBuildFile; fileRef = DFB417E93D025427554CBB31 /* ContentView.swift */; };
		B420E412DFE15F4E4D74B631 /* PlaceholderViews.swift in Sources */ = {isa = PBXBuildFile; fileRef = 721B264DB6885B2380DA38E2 /* PlaceholderViews.swift */; };
		B4F90EB133CBC25FE99ACD66 /* ExerciseSet.swift in Sources */ = {isa = PBXBuildFile; fileRef = 938F50FC09E60280C7A7F537 /* ExerciseSet.swift */; };
		BE7FE5DFE1252469CEA058CF /* HealthKit.framework in Frameworks */ = {isa = PBXBuildFile; fileRef = 193733B006ED472D5112547F /* HealthKit.framework */; };
		C345EC8122C5E16B66D7D30D /* ExercisesJSONTests.swift in Sources */ = {isa = PBXBuildFile; fileRef = EF8FF056F3AAB8539DFB623B /* ExercisesJSONTests.swift */; };
		C94A1550E3312887805D3C32 /* WorkoutSource.swift in Sources */ = {isa = PBXBuildFile; fileRef = 12BC2439D6E3F3651F11F60A /* WorkoutSource.swift */; };
		CAD0050D3911D4B579D4C421 /* MuscleGroup.swift in Sources */ = {isa = PBXBuildFile; fileRef = CE6C445209C7B191B39DAE98 /* MuscleGroup.swift */; };
		CB9265F44E2F4C98B90A0A7D /* ModelContainerConfiguration.swift in Sources */ = {isa = PBXBuildFile; fileRef = D2D1B656D2FD06AFC7B59480 /* ModelContainerConfiguration.swift */; };
		D64DC8861E4BF020FD4C3601 /* MuscleGroup.swift in Sources */ = {isa = PBXBuildFile; fileRef = CE6C445209C7B191B39DAE98 /* MuscleGroup.swift */; };
		D6EFE0C88AAAF3ACD4540668 /* WorkoutType.swift in Sources */ = {isa = PBXBuildFile; fileRef = 3429B0AFF73FC5C92B2D08F0 /* WorkoutType.swift */; };
		DBD4BC32EBBEFF37A1EADFAD /* StartWorkoutView.swift in Sources */ = {isa = PBXBuildFile; fileRef = 50A585FBE919A92B267FF50D /* StartWorkoutView.swift */; };
		DC2A0C4CD5C4C072B5908F47 /* exercises.json in Resources */ = {isa = PBXBuildFile; fileRef = EB421E42AE345C630DCD8E41 /* exercises.json */; };
		E7E6C59A47F79995B04666D6 /* Equipment.swift in Sources */ = {isa = PBXBuildFile; fileRef = C0D600C48BB20A7020A162B2 /* Equipment.swift */; };
		EA2925A7C0F167DD4CBEC374 /* Assets.xcassets in Resources */ = {isa = PBXBuildFile; fileRef = 675947C2C88283D7D81E0FD0 /* Assets.xcassets */; };
		ED33FE13C8BDF2D84B10A8A6 /* ModelContainerTests.swift in Sources */ = {isa = PBXBuildFile; fileRef = 21E9AA31CDC8E64263F95A48 /* ModelContainerTests.swift */; };
		F048B9B9AA1EF14E323788C1 /* WorkoutType.swift in Sources */ = {isa = PBXBuildFile; fileRef = 3429B0AFF73FC5C92B2D08F0 /* WorkoutType.swift */; };
		F620FC05EC3EF63AE0DD163C /* Workout.swift in Sources */ = {isa = PBXBuildFile; fileRef = B57B30FBE0AD13BB07DD3156 /* Workout.swift */; };
		F6AB9F52459A061544115F11 /* RelationshipTests.swift in Sources */ = {isa = PBXBuildFile; fileRef = 3A1CEBF40EF955614C3940F9 /* RelationshipTests.swift */; };
		F872D96937ADE91D6B8BEFB4 /* WorkoutExercise.swift in Sources */ = {isa = PBXBuildFile; fileRef = C02FF0750D3E63AAA723ED31 /* WorkoutExercise.swift */; };
		FB094960A059410BEE953ADE /* InfoPlist.strings in Resources */ = {isa = PBXBuildFile; fileRef = 1E44844FA434AFA16F0D508E /* InfoPlist.strings */; };
/* End PBXBuildFile section */

/* Begin PBXContainerItemProxy section */
		E287CA334D51B5B485267B80 /* PBXContainerItemProxy */ = {
			isa = PBXContainerItemProxy;
			containerPortal = 05D27E8A4B6AC68E00793EFF /* Project object */;
			proxyType = 1;
			remoteGlobalIDString = 014DB075EC88DB68BB66224D;
			remoteInfo = VitalStride;
		};
/* End PBXContainerItemProxy section */

/* Begin PBXFileReference section */
		0370F8DB0A827D70A0A4607B /* DataStoreErrorView.swift */ = {isa = PBXFileReference; lastKnownFileType = sourcecode.swift; path = DataStoreErrorView.swift; sourceTree = "<group>"; };
		0616F5149BB0EB168F9F981A /* zh-Hans */ = {isa = PBXFileReference; lastKnownFileType = text.plist.strings; name = "zh-Hans"; path = "zh-Hans.lproj/InfoPlist.strings"; sourceTree = "<group>"; };
		071236CB53D23D49D2A21097 /* VitalStrideApp.swift */ = {isa = PBXFileReference; lastKnownFileType = sourcecode.swift; path = VitalStrideApp.swift; sourceTree = "<group>"; };
		12BC2439D6E3F3651F11F60A /* WorkoutSource.swift */ = {isa = PBXFileReference; lastKnownFileType = sourcecode.swift; path = WorkoutSource.swift; sourceTree = "<group>"; };
		193733B006ED472D5112547F /* HealthKit.framework */ = {isa = PBXFileReference; lastKnownFileType = wrapper.framework; name = HealthKit.framework; path = System/Library/Frameworks/HealthKit.framework; sourceTree = SDKROOT; };
		21E9AA31CDC8E64263F95A48 /* ModelContainerTests.swift */ = {isa = PBXFileReference; lastKnownFileType = sourcecode.swift; path = ModelContainerTests.swift; sourceTree = "<group>"; };
		22CA0368F18F14F2CEAC6279 /* en */ = {isa = PBXFileReference; lastKnownFileType = text.plist.strings; name = en; path = en.lproj/InfoPlist.strings; sourceTree = "<group>"; };
		28F9B1C238C968D436D8F621 /* Assets.xcassets */ = {isa = PBXFileReference; lastKnownFileType = folder.assetcatalog; path = Assets.xcassets; sourceTree = "<group>"; };
		2D5161EBA086096752446678 /* VitalStrideWatchApp.swift */ = {isa = PBXFileReference; lastKnownFileType = sourcecode.swift; path = VitalStrideWatchApp.swift; sourceTree = "<group>"; };
		3429B0AFF73FC5C92B2D08F0 /* WorkoutType.swift */ = {isa = PBXFileReference; lastKnownFileType = sourcecode.swift; path = WorkoutType.swift; sourceTree = "<group>"; };
		35AC78693FA2C57D3D8D47C8 /* en */ = {isa = PBXFileReference; lastKnownFileType = text.plist.strings; name = en; path = en.lproj/InfoPlist.strings; sourceTree = "<group>"; };
		39C8FC703D269FD6E3B9FA67 /* WorkoutDetailView.swift */ = {isa = PBXFileReference; lastKnownFileType = sourcecode.swift; path = WorkoutDetailView.swift; sourceTree = "<group>"; };
		3A1CEBF40EF955614C3940F9 /* RelationshipTests.swift */ = {isa = PBXFileReference; lastKnownFileType = sourcecode.swift; path = RelationshipTests.swift; sourceTree = "<group>"; };
		4AA2554F283591756DFE2965 /* Exercise.swift */ = {isa = PBXFileReference; lastKnownFileType = sourcecode.swift; path = Exercise.swift; sourceTree = "<group>"; };
		4ADD1FD316A4B61294EEB8E2 /* TemplateExercise.swift */ = {isa = PBXFileReference; lastKnownFileType = sourcecode.swift; path = TemplateExercise.swift; sourceTree = "<group>"; };
		50A585FBE919A92B267FF50D /* StartWorkoutView.swift */ = {isa = PBXFileReference; lastKnownFileType = sourcecode.swift; path = StartWorkoutView.swift; sourceTree = "<group>"; };
		53E2999CCCA6100A9F2ED6BB /* VitalStrideMacApp.swift */ = {isa = PBXFileReference; lastKnownFileType = sourcecode.swift; path = VitalStrideMacApp.swift; sourceTree = "<group>"; };
		58C946AE957021F69C8E2C60 /* VitalStrideWatch Watch App.app */ = {isa = PBXFileReference; explicitFileType = wrapper.application; includeInIndex = 0; path = "VitalStrideWatch Watch App.app"; sourceTree = BUILT_PRODUCTS_DIR; };
		5A43C41979CBE53710FCF526 /* WorkoutListView.swift */ = {isa = PBXFileReference; lastKnownFileType = sourcecode.swift; path = WorkoutListView.swift; sourceTree = "<group>"; };
		5CD6CBB4B8DB35E9942A3ADA /* WorkoutTemplate.swift */ = {isa = PBXFileReference; lastKnownFileType = sourcecode.swift; path = WorkoutTemplate.swift; sourceTree = "<group>"; };
		62752D819DEC3C928DEE3CB1 /* VitalStrideMac.app */ = {isa = PBXFileReference; explicitFileType = wrapper.application; includeInIndex = 0; path = VitalStrideMac.app; sourceTree = BUILT_PRODUCTS_DIR; };
		675947C2C88283D7D81E0FD0 /* Assets.xcassets */ = {isa = PBXFileReference; lastKnownFileType = folder.assetcatalog; path = Assets.xcassets; sourceTree = "<group>"; };
		721B264DB6885B2380DA38E2 /* PlaceholderViews.swift */ = {isa = PBXFileReference; lastKnownFileType = sourcecode.swift; path = PlaceholderViews.swift; sourceTree = "<group>"; };
		882C2018EAA4873543CD639B /* zh-Hans */ = {isa = PBXFileReference; lastKnownFileType = text.plist.strings; name = "zh-Hans"; path = "zh-Hans.lproj/InfoPlist.strings"; sourceTree = "<group>"; };
		938F50FC09E60280C7A7F537 /* ExerciseSet.swift */ = {isa = PBXFileReference; lastKnownFileType = sourcecode.swift; path = ExerciseSet.swift; sourceTree = "<group>"; };
		9AF574AE878C5FC5709F5411 /* VitalStrideTests.xctest */ = {isa = PBXFileReference; includeInIndex = 0; lastKnownFileType = wrapper.cfbundle; path = VitalStrideTests.xctest; sourceTree = BUILT_PRODUCTS_DIR; };
		9D2F46A6B7B993E95FDAA5C5 /* VitalStride.app */ = {isa = PBXFileReference; includeInIndex = 0; lastKnownFileType = wrapper.application; path = VitalStride.app; sourceTree = BUILT_PRODUCTS_DIR; };
		A050A9A835B419E5ACB29DE7 /* EnumTests.swift */ = {isa = PBXFileReference; lastKnownFileType = sourcecode.swift; path = EnumTests.swift; sourceTree = "<group>"; };
		A1C25971EA2F4706C5537041 /* SetType.swift */ = {isa = PBXFileReference; lastKnownFileType = sourcecode.swift; path = SetType.swift; sourceTree = "<group>"; };
		B04C18A600A7AF1EB3B8F282 /* ModelTests.swift */ = {isa = PBXFileReference; lastKnownFileType = sourcecode.swift; path = ModelTests.swift; sourceTree = "<group>"; };
		B57B30FBE0AD13BB07DD3156 /* Workout.swift */ = {isa = PBXFileReference; lastKnownFileType = sourcecode.swift; path = Workout.swift; sourceTree = "<group>"; };
		C02FF0750D3E63AAA723ED31 /* WorkoutExercise.swift */ = {isa = PBXFileReference; lastKnownFileType = sourcecode.swift; path = WorkoutExercise.swift; sourceTree = "<group>"; };
		C0D600C48BB20A7020A162B2 /* Equipment.swift */ = {isa = PBXFileReference; lastKnownFileType = sourcecode.swift; path = Equipment.swift; sourceTree = "<group>"; };
		C59FE92FB9187A2F490E733E /* Assets.xcassets */ = {isa = PBXFileReference; lastKnownFileType = folder.assetcatalog; path = Assets.xcassets; sourceTree = "<group>"; };
		CE6C445209C7B191B39DAE98 /* MuscleGroup.swift */ = {isa = PBXFileReference; lastKnownFileType = sourcecode.swift; path = MuscleGroup.swift; sourceTree = "<group>"; };
		D2D1B656D2FD06AFC7B59480 /* ModelContainerConfiguration.swift */ = {isa = PBXFileReference; lastKnownFileType = sourcecode.swift; path = ModelContainerConfiguration.swift; sourceTree = "<group>"; };
		D9554ADC9FC53D70DC2F0EAB /* ActiveWorkoutView.swift */ = {isa = PBXFileReference; lastKnownFileType = sourcecode.swift; path = ActiveWorkoutView.swift; sourceTree = "<group>"; };
		DD97B72E45FF000CBB6CB02E /* MacContentView.swift */ = {isa = PBXFileReference; lastKnownFileType = sourcecode.swift; path = MacContentView.swift; sourceTree = "<group>"; };
		DFB417E93D025427554CBB31 /* ContentView.swift */ = {isa = PBXFileReference; lastKnownFileType = sourcecode.swift; path = ContentView.swift; sourceTree = "<group>"; };
		E261D81A8ABD9951B539D30B /* PlaceholderViews.swift */ = {isa = PBXFileReference; lastKnownFileType = sourcecode.swift; path = PlaceholderViews.swift; sourceTree = "<group>"; };
		EB421E42AE345C630DCD8E41 /* exercises.json */ = {isa = PBXFileReference; lastKnownFileType = text.json; path = exercises.json; sourceTree = "<group>"; };
		EF8FF056F3AAB8539DFB623B /* ExercisesJSONTests.swift */ = {isa = PBXFileReference; lastKnownFileType = sourcecode.swift; path = ExercisesJSONTests.swift; sourceTree = "<group>"; };
		F3C1602AD27E06391177A4A4 /* WatchContentView.swift */ = {isa = PBXFileReference; lastKnownFileType = sourcecode.swift; path = WatchContentView.swift; sourceTree = "<group>"; };
/* End PBXFileReference section */

/* Begin PBXFrameworksBuildPhase section */
		ADEBC88C1938F00095FDE1AF /* Frameworks */ = {
			isa = PBXFrameworksBuildPhase;
			buildActionMask = 2147483647;
			files = (
				6DD9EA5894C16A881C94A162 /* HealthKit.framework in Frameworks */,
			);
			runOnlyForDeploymentPostprocessing = 0;
		};
		CEE48F8B58F5B5EA60FEA336 /* Frameworks */ = {
			isa = PBXFrameworksBuildPhase;
			buildActionMask = 2147483647;
			files = (
				BE7FE5DFE1252469CEA058CF /* HealthKit.framework in Frameworks */,
			);
			runOnlyForDeploymentPostprocessing = 0;
		};
/* End PBXFrameworksBuildPhase section */

/* Begin PBXGroup section */
		0C889E5C492580BDC58CBA66 /* Resources */ = {
			isa = PBXGroup;
			children = (
				A18F09E32A54EF7AD32B7912 /* InfoPlist.strings */,
			);
			name = Resources;
			path = "VitalStrideWatch Watch App/Resources";
			sourceTree = "<group>";
		};
		17E6C9B6A8116CE05BD63862 /* Sources */ = {
			isa = PBXGroup;
			children = (
				A050A9A835B419E5ACB29DE7 /* EnumTests.swift */,
				EF8FF056F3AAB8539DFB623B /* ExercisesJSONTests.swift */,
				21E9AA31CDC8E64263F95A48 /* ModelContainerTests.swift */,
				B04C18A600A7AF1EB3B8F282 /* ModelTests.swift */,
				3A1CEBF40EF955614C3940F9 /* RelationshipTests.swift */,
			);
			name = Sources;
			path = VitalStrideTests/Sources;
			sourceTree = "<group>";
		};
		1DE05301661FE45B4E8CFE18 /* Shared */ = {
			isa = PBXGroup;
			children = (
				D3C649950E66FDF404CD5605 /* Enums */,
				792A77C87AE746BCEDD38F8F /* Models */,
				505D7867C95468FA4E6F3724 /* Persistence */,
				27862C8841CC47F113B27C8E /* Views */,
			);
			path = Shared;
			sourceTree = "<group>";
		};
		27862C8841CC47F113B27C8E /* Views */ = {
			isa = PBXGroup;
			children = (
				0370F8DB0A827D70A0A4607B /* DataStoreErrorView.swift */,
			);
			path = Views;
			sourceTree = "<group>";
		};
		38376C392227BD26A61E2EB0 /* Sources */ = {
			isa = PBXGroup;
			children = (
				D9554ADC9FC53D70DC2F0EAB /* ActiveWorkoutView.swift */,
				DFB417E93D025427554CBB31 /* ContentView.swift */,
				721B264DB6885B2380DA38E2 /* PlaceholderViews.swift */,
				50A585FBE919A92B267FF50D /* StartWorkoutView.swift */,
				071236CB53D23D49D2A21097 /* VitalStrideApp.swift */,
				39C8FC703D269FD6E3B9FA67 /* WorkoutDetailView.swift */,
				5A43C41979CBE53710FCF526 /* WorkoutListView.swift */,
			);
			name = Sources;
			path = VitalStride/Sources;
			sourceTree = "<group>";
		};
		4F76D572EDEF9D524C3C458D /* VitalStrideWatch Watch App */ = {
			isa = PBXGroup;
			children = (
				C59FE92FB9187A2F490E733E /* Assets.xcassets */,
			);
			path = "VitalStrideWatch Watch App";
			sourceTree = "<group>";
		};
		505D7867C95468FA4E6F3724 /* Persistence */ = {
			isa = PBXGroup;
			children = (
				D2D1B656D2FD06AFC7B59480 /* ModelContainerConfiguration.swift */,
			);
			path = Persistence;
			sourceTree = "<group>";
		};
		709A8293A9188956CF675353 /* Products */ = {
			isa = PBXGroup;
			children = (
				9D2F46A6B7B993E95FDAA5C5 /* VitalStride.app */,
				62752D819DEC3C928DEE3CB1 /* VitalStrideMac.app */,
				9AF574AE878C5FC5709F5411 /* VitalStrideTests.xctest */,
				58C946AE957021F69C8E2C60 /* VitalStrideWatch Watch App.app */,
			);
			name = Products;
			sourceTree = "<group>";
		};
		792A77C87AE746BCEDD38F8F /* Models */ = {
			isa = PBXGroup;
			children = (
				4AA2554F283591756DFE2965 /* Exercise.swift */,
				938F50FC09E60280C7A7F537 /* ExerciseSet.swift */,
				4ADD1FD316A4B61294EEB8E2 /* TemplateExercise.swift */,
				B57B30FBE0AD13BB07DD3156 /* Workout.swift */,
				C02FF0750D3E63AAA723ED31 /* WorkoutExercise.swift */,
				5CD6CBB4B8DB35E9942A3ADA /* WorkoutTemplate.swift */,
			);
			path = Models;
			sourceTree = "<group>";
		};
		AB684A45C0D2385FE180FA9C /* VitalStrideMac */ = {
			isa = PBXGroup;
			children = (
				675947C2C88283D7D81E0FD0 /* Assets.xcassets */,
			);
			path = VitalStrideMac;
			sourceTree = "<group>";
		};
		AF80BC86C5B13EAB8D92DB02 /* Resources */ = {
			isa = PBXGroup;
			children = (
				EB421E42AE345C630DCD8E41 /* exercises.json */,
				1E44844FA434AFA16F0D508E /* InfoPlist.strings */,
			);
			name = Resources;
			path = VitalStride/Resources;
			sourceTree = "<group>";
		};
		B22A7D307DC20707965AD5A6 /* Frameworks */ = {
			isa = PBXGroup;
			children = (
				193733B006ED472D5112547F /* HealthKit.framework */,
			);
			name = Frameworks;
			sourceTree = "<group>";
		};
		B3378ED2D8A67C2D50B13DAD /* VitalStride */ = {
			isa = PBXGroup;
			children = (
				28F9B1C238C968D436D8F621 /* Assets.xcassets */,
			);
			path = VitalStride;
			sourceTree = "<group>";
		};
		D3C649950E66FDF404CD5605 /* Enums */ = {
			isa = PBXGroup;
			children = (
				C0D600C48BB20A7020A162B2 /* Equipment.swift */,
				CE6C445209C7B191B39DAE98 /* MuscleGroup.swift */,
				A1C25971EA2F4706C5537041 /* SetType.swift */,
				12BC2439D6E3F3651F11F60A /* WorkoutSource.swift */,
				3429B0AFF73FC5C92B2D08F0 /* WorkoutType.swift */,
			);
			path = Enums;
			sourceTree = "<group>";
		};
		DA9BBD3DA585F24745B41651 = {
			isa = PBXGroup;
			children = (
				AF80BC86C5B13EAB8D92DB02 /* Resources */,
				0C889E5C492580BDC58CBA66 /* Resources */,
				1DE05301661FE45B4E8CFE18 /* Shared */,
				38376C392227BD26A61E2EB0 /* Sources */,
				F5E36055BE7023DF511A5352 /* Sources */,
				17E6C9B6A8116CE05BD63862 /* Sources */,
				E4D6ADC58A2DA3E73149E632 /* Sources */,
				B3378ED2D8A67C2D50B13DAD /* VitalStride */,
				AB684A45C0D2385FE180FA9C /* VitalStrideMac */,
				4F76D572EDEF9D524C3C458D /* VitalStrideWatch Watch App */,
				B22A7D307DC20707965AD5A6 /* Frameworks */,
				709A8293A9188956CF675353 /* Products */,
			);
			sourceTree = "<group>";
		};
		E4D6ADC58A2DA3E73149E632 /* Sources */ = {
			isa = PBXGroup;
			children = (
				2D5161EBA086096752446678 /* VitalStrideWatchApp.swift */,
				F3C1602AD27E06391177A4A4 /* WatchContentView.swift */,
			);
			name = Sources;
			path = "VitalStrideWatch Watch App/Sources";
			sourceTree = "<group>";
		};
		F5E36055BE7023DF511A5352 /* Sources */ = {
			isa = PBXGroup;
			children = (
				DD97B72E45FF000CBB6CB02E /* MacContentView.swift */,
				E261D81A8ABD9951B539D30B /* PlaceholderViews.swift */,
				53E2999CCCA6100A9F2ED6BB /* VitalStrideMacApp.swift */,
			);
			name = Sources;
			path = VitalStrideMac/Sources;
			sourceTree = "<group>";
		};
/* End PBXGroup section */

/* Begin PBXNativeTarget section */
		014DB075EC88DB68BB66224D /* VitalStride */ = {
			isa = PBXNativeTarget;
			buildConfigurationList = FC88F62230EB4B7588A831C4 /* Build configuration list for PBXNativeTarget "VitalStride" */;
			buildPhases = (
				49635A3925B6A32DA3E2DC62 /* Sources */,
				6FEDD5D158689FB030481B32 /* Resources */,
				ADEBC88C1938F00095FDE1AF /* Frameworks */,
			);
			buildRules = (
			);
			dependencies = (
			);
			name = VitalStride;
			packageProductDependencies = (
			);
			productName = VitalStride;
			productReference = 9D2F46A6B7B993E95FDAA5C5 /* VitalStride.app */;
			productType = "com.apple.product-type.application";
		};
		6868D7B2B319ADA46F70B615 /* VitalStrideWatch Watch App */ = {
			isa = PBXNativeTarget;
			buildConfigurationList = CBDB41EA5B6903F69164FED3 /* Build configuration list for PBXNativeTarget "VitalStrideWatch Watch App" */;
			buildPhases = (
				EC82F89D0625F83CFCB9AFCB /* Sources */,
				7FCB7926BF397249DF67777B /* Resources */,
				CEE48F8B58F5B5EA60FEA336 /* Frameworks */,
			);
			buildRules = (
			);
			dependencies = (
			);
			name = "VitalStrideWatch Watch App";
			packageProductDependencies = (
			);
			productName = "VitalStrideWatch Watch App";
			productReference = 58C946AE957021F69C8E2C60 /* VitalStrideWatch Watch App.app */;
			productType = "com.apple.product-type.application";
		};
		E43685623584B2F760F1AF45 /* VitalStrideTests */ = {
			isa = PBXNativeTarget;
			buildConfigurationList = 798C86DC0902C08E381398E0 /* Build configuration list for PBXNativeTarget "VitalStrideTests" */;
			buildPhases = (
				D01BB8AF6B4DAF060314D766 /* Sources */,
			);
			buildRules = (
			);
			dependencies = (
				1DD8CFAE288ACD705A0A5718 /* PBXTargetDependency */,
			);
			name = VitalStrideTests;
			packageProductDependencies = (
			);
			productName = VitalStrideTests;
			productReference = 9AF574AE878C5FC5709F5411 /* VitalStrideTests.xctest */;
			productType = "com.apple.product-type.bundle.unit-test";
		};
		F192035F877F1B2AA721CDCF /* VitalStrideMac */ = {
			isa = PBXNativeTarget;
			buildConfigurationList = 5944BFE0054AF2F9448917CA /* Build configuration list for PBXNativeTarget "VitalStrideMac" */;
			buildPhases = (
				181A9C801EEE996BA456675F /* Sources */,
				D98C58BA1F8528DDA9E44AAD /* Resources */,
			);
			buildRules = (
			);
			dependencies = (
			);
			name = VitalStrideMac;
			packageProductDependencies = (
			);
			productName = VitalStrideMac;
			productReference = 62752D819DEC3C928DEE3CB1 /* VitalStrideMac.app */;
			productType = "com.apple.product-type.application";
		};
/* End PBXNativeTarget section */

/* Begin PBXProject section */
		05D27E8A4B6AC68E00793EFF /* Project object */ = {
			isa = PBXProject;
			attributes = {
				BuildIndependentTargetsInParallel = YES;
				LastUpgradeCheck = 2650;
				TargetAttributes = {
				};
			};
			buildConfigurationList = C29019B9ACC18F1CF4D99877 /* Build configuration list for PBXProject "VitalStride" */;
			developmentRegion = en;
			hasScannedForEncodings = 0;
			knownRegions = (
				Base,
				en,
				"zh-Hans",
			);
			mainGroup = DA9BBD3DA585F24745B41651;
			minimizedProjectReferenceProxies = 1;
			preferredProjectObjectVersion = 77;
			productRefGroup = 709A8293A9188956CF675353 /* Products */;
			projectDirPath = "";
			projectRoot = "";
			targets = (
				014DB075EC88DB68BB66224D /* VitalStride */,
				F192035F877F1B2AA721CDCF /* VitalStrideMac */,
				E43685623584B2F760F1AF45 /* VitalStrideTests */,
				6868D7B2B319ADA46F70B615 /* VitalStrideWatch Watch App */,
			);
		};
/* End PBXProject section */

/* Begin PBXResourcesBuildPhase section */
		6FEDD5D158689FB030481B32 /* Resources */ = {
			isa = PBXResourcesBuildPhase;
			buildActionMask = 2147483647;
			files = (
				ACFCFCD2F630CFD1D9C8E427 /* Assets.xcassets in Resources */,
				02642378D9BF2F904191BBEB /* InfoPlist.strings in Resources */,
				DC2A0C4CD5C4C072B5908F47 /* exercises.json in Resources */,
			);
			runOnlyForDeploymentPostprocessing = 0;
		};
		7FCB7926BF397249DF67777B /* Resources */ = {
			isa = PBXResourcesBuildPhase;
			buildActionMask = 2147483647;
			files = (
				9C33F574F875DF0EBF073483 /* Assets.xcassets in Resources */,
				FB094960A059410BEE953ADE /* InfoPlist.strings in Resources */,
				1B73C01B4D0DFC6DAC51D1C0 /* InfoPlist.strings in Resources */,
				16DCED58417EEE34C696B02A /* exercises.json in Resources */,
			);
			runOnlyForDeploymentPostprocessing = 0;
		};
		D98C58BA1F8528DDA9E44AAD /* Resources */ = {
			isa = PBXResourcesBuildPhase;
			buildActionMask = 2147483647;
			files = (
				EA2925A7C0F167DD4CBEC374 /* Assets.xcassets in Resources */,
			);
			runOnlyForDeploymentPostprocessing = 0;
		};
/* End PBXResourcesBuildPhase section */

/* Begin PBXSourcesBuildPhase section */
		181A9C801EEE996BA456675F /* Sources */ = {
			isa = PBXSourcesBuildPhase;
			buildActionMask = 2147483647;
			files = (
				6346F42701BA4DCB9F951FD7 /* DataStoreErrorView.swift in Sources */,
				0C23EAE5A48220A5E29760B9 /* Equipment.swift in Sources */,
				9012AA4FB8A77D298CE2FDF5 /* Exercise.swift in Sources */,
				01554C50459216609FF79359 /* ExerciseSet.swift in Sources */,
				76FB5A8A11D2069B5E954920 /* MacContentView.swift in Sources */,
				CB9265F44E2F4C98B90A0A7D /* ModelContainerConfiguration.swift in Sources */,
				043CF31DB5AF369AFE927FD5 /* MuscleGroup.swift in Sources */,
				8AF3CE23ECE9F1C9882ADA63 /* PlaceholderViews.swift in Sources */,
				80D4099CFC685385DB3E3DD2 /* SetType.swift in Sources */,
				458D06CA45AB46B8022D52D3 /* TemplateExercise.swift in Sources */,
				5BC82AE5EF8EBDC442F87625 /* VitalStrideMacApp.swift in Sources */,
				6113F4812B6006315FB791EF /* Workout.swift in Sources */,
				991E7098402A03B81AC72803 /* WorkoutExercise.swift in Sources */,
				C94A1550E3312887805D3C32 /* WorkoutSource.swift in Sources */,
				B36C0278DD6D2BB1F261BCAD /* WorkoutTemplate.swift in Sources */,
				9EB776759C28F0BBA16428EB /* WorkoutType.swift in Sources */,
			);
			runOnlyForDeploymentPostprocessing = 0;
		};
		49635A3925B6A32DA3E2DC62 /* Sources */ = {
			isa = PBXSourcesBuildPhase;
			buildActionMask = 2147483647;
			files = (
				7997596F8FEC69D4F914D242 /* ActiveWorkoutView.swift in Sources */,
				B3B7DFDD012B532133BEA402 /* ContentView.swift in Sources */,
				12CDBB81C65AF82BEAAEE506 /* DataStoreErrorView.swift in Sources */,
				57982ADD6D57B3B6DE630D06 /* Equipment.swift in Sources */,
				9F7B3EE24433BB31D094F486 /* Exercise.swift in Sources */,
				A73EDDD6AB628111BC6E7575 /* ExerciseSet.swift in Sources */,
				8C37CF233ECE8141B1852643 /* ModelContainerConfiguration.swift in Sources */,
				CAD0050D3911D4B579D4C421 /* MuscleGroup.swift in Sources */,
				B420E412DFE15F4E4D74B631 /* PlaceholderViews.swift in Sources */,
				68B5B0ABCCFEDADE35ECB80E /* SetType.swift in Sources */,
				DBD4BC32EBBEFF37A1EADFAD /* StartWorkoutView.swift in Sources */,
				A47B05CF8C2B9CDCFEC8231F /* TemplateExercise.swift in Sources */,
				67175014078591B2774B9C67 /* VitalStrideApp.swift in Sources */,
				24748D02F57E66E81E0F25A4 /* Workout.swift in Sources */,
				4DEE8F9B5F7B04BD7FB32E85 /* WorkoutDetailView.swift in Sources */,
				F872D96937ADE91D6B8BEFB4 /* WorkoutExercise.swift in Sources */,
				126582AB5759E2272C310C0C /* WorkoutListView.swift in Sources */,
				437DB0DCB6CD86485F3A5007 /* WorkoutSource.swift in Sources */,
				654F499C95DCCD4E9D42000A /* WorkoutTemplate.swift in Sources */,
				D6EFE0C88AAAF3ACD4540668 /* WorkoutType.swift in Sources */,
			);
			runOnlyForDeploymentPostprocessing = 0;
		};
		D01BB8AF6B4DAF060314D766 /* Sources */ = {
			isa = PBXSourcesBuildPhase;
			buildActionMask = 2147483647;
			files = (
				78888BA70E972F5799721BDF /* EnumTests.swift in Sources */,
				C345EC8122C5E16B66D7D30D /* ExercisesJSONTests.swift in Sources */,
				ED33FE13C8BDF2D84B10A8A6 /* ModelContainerTests.swift in Sources */,
				9AB4F723EFEB0783FE30870E /* ModelTests.swift in Sources */,
				F6AB9F52459A061544115F11 /* RelationshipTests.swift in Sources */,
			);
			runOnlyForDeploymentPostprocessing = 0;
		};
		EC82F89D0625F83CFCB9AFCB /* Sources */ = {
			isa = PBXSourcesBuildPhase;
			buildActionMask = 2147483647;
			files = (
				9ED118191FECD56AC3F44BD6 /* DataStoreErrorView.swift in Sources */,
				E7E6C59A47F79995B04666D6 /* Equipment.swift in Sources */,
				01EFE3D5A4C3077D42137228 /* Exercise.swift in Sources */,
				B4F90EB133CBC25FE99ACD66 /* ExerciseSet.swift in Sources */,
				A15DC42BCE27034144775AB0 /* ModelContainerConfiguration.swift in Sources */,
				D64DC8861E4BF020FD4C3601 /* MuscleGroup.swift in Sources */,
				101C321571822DFCFBCE91FA /* SetType.swift in Sources */,
				7DB882A21082800C633EE5F8 /* TemplateExercise.swift in Sources */,
				0B55E2B4E2EF2CD19AD897E2 /* VitalStrideWatchApp.swift in Sources */,
				96343A2A26C10DDBD084321B /* WatchContentView.swift in Sources */,
				F620FC05EC3EF63AE0DD163C /* Workout.swift in Sources */,
				3000AEB41B45A418899053C6 /* WorkoutExercise.swift in Sources */,
				6F675A5C74B023E76C785DD9 /* WorkoutSource.swift in Sources */,
				70172CBF29CE027197E4B353 /* WorkoutTemplate.swift in Sources */,
				F048B9B9AA1EF14E323788C1 /* WorkoutType.swift in Sources */,
			);
			runOnlyForDeploymentPostprocessing = 0;
		};
/* End PBXSourcesBuildPhase section */

/* Begin PBXTargetDependency section */
		1DD8CFAE288ACD705A0A5718 /* PBXTargetDependency */ = {
			isa = PBXTargetDependency;
			target = 014DB075EC88DB68BB66224D /* VitalStride */;
			targetProxy = E287CA334D51B5B485267B80 /* PBXContainerItemProxy */;
		};
/* End PBXTargetDependency section */

/* Begin PBXVariantGroup section */
		1E44844FA434AFA16F0D508E /* InfoPlist.strings */ = {
			isa = PBXVariantGroup;
			children = (
				22CA0368F18F14F2CEAC6279 /* en */,
				0616F5149BB0EB168F9F981A /* zh-Hans */,
			);
			name = InfoPlist.strings;
			sourceTree = "<group>";
		};
		A18F09E32A54EF7AD32B7912 /* InfoPlist.strings */ = {
			isa = PBXVariantGroup;
			children = (
				35AC78693FA2C57D3D8D47C8 /* en */,
				882C2018EAA4873543CD639B /* zh-Hans */,
			);
			name = InfoPlist.strings;
			sourceTree = "<group>";
		};
/* End PBXVariantGroup section */

/* Begin XCBuildConfiguration section */
		20B1FCCF086ADB7FB28C0555 /* Release */ = {
			isa = XCBuildConfiguration;
			buildSettings = {
				BUNDLE_LOADER = "$(TEST_HOST)";
				GENERATE_INFOPLIST_FILE = YES;
				LD_RUNPATH_SEARCH_PATHS = (
					"$(inherited)",
					"@executable_path/Frameworks",
					"@loader_path/Frameworks",
				);
				PRODUCT_BUNDLE_IDENTIFIER = com.vitalstride.tests;
				SDKROOT = iphoneos;
				TARGETED_DEVICE_FAMILY = "1,2";
				TEST_HOST = "$(BUILT_PRODUCTS_DIR)/VitalStride.app/$(BUNDLE_EXECUTABLE_FOLDER_PATH)/VitalStride";
			};
			name = Release;
		};
		24E9B7081BE4E2CD4D68F33F /* Debug */ = {
			isa = XCBuildConfiguration;
			buildSettings = {
				ASSETCATALOG_COMPILER_APPICON_NAME = AppIcon;
				ASSETCATALOG_COMPILER_GLOBAL_ACCENT_COLOR_NAME = AccentColor;
				CODE_SIGN_ENTITLEMENTS = VitalStride/VitalStride.entitlements;
				CODE_SIGN_IDENTITY = "iPhone Developer";
				CURRENT_PROJECT_VERSION = 1;
				GENERATE_INFOPLIST_FILE = YES;
				INFOPLIST_GENERATION_MODE = GeneratedByBuildSystem;
				INFOPLIST_KEY_NSHealthShareUsageDescription = "VitalStride reads your health and activity data (heart rate, steps, sleep, workout history) to display training history, calculate activity summaries, and provide AI-powered training analysis and recommendations.";
				INFOPLIST_KEY_NSHealthUpdateUsageDescription = "VitalStride writes workout summaries to Apple Health to save Recorded Workouts you complete within the app, keeping your health data complete and consistent across apps.";
				INFOPLIST_KEY_UILaunchScreen_Generation = YES;
				LD_RUNPATH_SEARCH_PATHS = (
					"$(inherited)",
					"@executable_path/Frameworks",
				);
				MARKETING_VERSION = 1.0;
				PRODUCT_BUNDLE_IDENTIFIER = com.vitalstride.ios;
				PRODUCT_NAME = VitalStride;
				SDKROOT = iphoneos;
				SUPPORTED_INTERFACE_ORIENTATIONS = "UIInterfaceOrientationPortrait UIInterfaceOrientationLandscapeLeft UIInterfaceOrientationLandscapeRight";
				"SUPPORTED_INTERFACE_ORIENTATIONS~ipad" = "UIInterfaceOrientationPortrait UIInterfaceOrientationPortraitUpsideDown UIInterfaceOrientationLandscapeLeft UIInterfaceOrientationLandscapeRight";
				SWIFT_EMIT_LOC_STRINGS = YES;
				TARGETED_DEVICE_FAMILY = "1,2";
			};
			name = Debug;
		};
		2BEE8ADBD88D3DEB8A4ED506 /* Debug */ = {
			isa = XCBuildConfiguration;
			buildSettings = {
				ASSETCATALOG_COMPILER_APPICON_NAME = AppIcon;
				CODE_SIGN_ENTITLEMENTS = "VitalStrideWatch Watch App/VitalStrideWatch.entitlements";
				CURRENT_PROJECT_VERSION = 1;
				GENERATE_INFOPLIST_FILE = YES;
				INFOPLIST_GENERATION_MODE = GeneratedByBuildSystem;
				INFOPLIST_KEY_NSHealthShareUsageDescription = "VitalStride reads your health and activity data (heart rate, steps, sleep, workout history) to display training history, calculate activity summaries, and provide AI-powered training analysis and recommendations.";
				INFOPLIST_KEY_NSHealthUpdateUsageDescription = "VitalStride writes workout summaries to Apple Health to save Recorded Workouts you complete within the app, keeping your health data complete and consistent across apps.";
				INFOPLIST_KEY_UILaunchScreen_Generation = YES;
				MARKETING_VERSION = 1.0;
				PRODUCT_BUNDLE_IDENTIFIER = com.vitalstride.watchos;
				PRODUCT_NAME = "VitalStrideWatch Watch App";
				SDKROOT = watchos;
				SKIP_INSTALL = NO;
				SWIFT_EMIT_LOC_STRINGS = YES;
				TARGETED_DEVICE_FAMILY = 4;
				WATCHOS_DEPLOYMENT_TARGET = 11.0;
			};
			name = Debug;
		};
		448B2581FF2848996C3CF81C /* Release */ = {
			isa = XCBuildConfiguration;
			buildSettings = {
				ALWAYS_SEARCH_USER_PATHS = NO;
				CLANG_ANALYZER_NONNULL = YES;
				CLANG_ANALYZER_NUMBER_OBJECT_CONVERSION = YES_AGGRESSIVE;
				CLANG_CXX_LANGUAGE_STANDARD = "gnu++14";
				CLANG_CXX_LIBRARY = "libc++";
				CLANG_ENABLE_MODULES = YES;
				CLANG_ENABLE_OBJC_ARC = YES;
				CLANG_ENABLE_OBJC_WEAK = YES;
				CLANG_WARN_BLOCK_CAPTURE_AUTORELEASING = YES;
				CLANG_WARN_BOOL_CONVERSION = YES;
				CLANG_WARN_COMMA = YES;
				CLANG_WARN_CONSTANT_CONVERSION = YES;
				CLANG_WARN_DEPRECATED_OBJC_IMPLEMENTATIONS = YES;
				CLANG_WARN_DIRECT_OBJC_ISA_USAGE = YES_ERROR;
				CLANG_WARN_DOCUMENTATION_COMMENTS = YES;
				CLANG_WARN_EMPTY_BODY = YES;
				CLANG_WARN_ENUM_CONVERSION = YES;
				CLANG_WARN_INFINITE_RECURSION = YES;
				CLANG_WARN_INT_CONVERSION = YES;
				CLANG_WARN_NON_LITERAL_NULL_CONVERSION = YES;
				CLANG_WARN_OBJC_IMPLICIT_RETAIN_SELF = YES;
				CLANG_WARN_OBJC_LITERAL_CONVERSION = YES;
				CLANG_WARN_OBJC_ROOT_CLASS = YES_ERROR;
				CLANG_WARN_QUOTED_INCLUDE_IN_FRAMEWORK_HEADER = YES;
				CLANG_WARN_RANGE_LOOP_ANALYSIS = YES;
				CLANG_WARN_STRICT_PROTOTYPES = YES;
				CLANG_WARN_SUSPICIOUS_MOVE = YES;
				CLANG_WARN_UNGUARDED_AVAILABILITY = YES_AGGRESSIVE;
				CLANG_WARN_UNREACHABLE_CODE = YES;
				CLANG_WARN__DUPLICATE_METHOD_MATCH = YES;
				COPY_PHASE_STRIP = NO;
				DEBUG_INFORMATION_FORMAT = "dwarf-with-dsym";
				ENABLE_NS_ASSERTIONS = NO;
				ENABLE_STRICT_OBJC_MSGSEND = YES;
				ENABLE_USER_SCRIPT_SANDBOXING = YES;
				GCC_C_LANGUAGE_STANDARD = gnu11;
				GCC_NO_COMMON_BLOCKS = YES;
				GCC_WARN_64_TO_32_BIT_CONVERSION = YES;
				GCC_WARN_ABOUT_RETURN_TYPE = YES_ERROR;
				GCC_WARN_UNDECLARED_SELECTOR = YES;
				GCC_WARN_UNINITIALIZED_AUTOS = YES_AGGRESSIVE;
				GCC_WARN_UNUSED_FUNCTION = YES;
				GCC_WARN_UNUSED_VARIABLE = YES;
				IPHONEOS_DEPLOYMENT_TARGET = 18.0;
				MACOSX_DEPLOYMENT_TARGET = 15.0;
				MTL_ENABLE_DEBUG_INFO = NO;
				MTL_FAST_MATH = YES;
				PRODUCT_NAME = "$(TARGET_NAME)";
				SWIFT_COMPILATION_MODE = wholemodule;
				SWIFT_OPTIMIZATION_LEVEL = "-O";
				SWIFT_VERSION = 6.0;
				WATCHOS_DEPLOYMENT_TARGET = 11.0;
			};
			name = Release;
		};
		66435532182BFF1C3F322AD9 /* Debug */ = {
			isa = XCBuildConfiguration;
			buildSettings = {
				BUNDLE_LOADER = "$(TEST_HOST)";
				GENERATE_INFOPLIST_FILE = YES;
				LD_RUNPATH_SEARCH_PATHS = (
					"$(inherited)",
					"@executable_path/Frameworks",
					"@loader_path/Frameworks",
				);
				PRODUCT_BUNDLE_IDENTIFIER = com.vitalstride.tests;
				SDKROOT = iphoneos;
				TARGETED_DEVICE_FAMILY = "1,2";
				TEST_HOST = "$(BUILT_PRODUCTS_DIR)/VitalStride.app/$(BUNDLE_EXECUTABLE_FOLDER_PATH)/VitalStride";
			};
			name = Debug;
		};
		8928BC1F8D1BBC8007751648 /* Release */ = {
			isa = XCBuildConfiguration;
			buildSettings = {
				ASSETCATALOG_COMPILER_APPICON_NAME = AppIcon;
				ASSETCATALOG_COMPILER_GLOBAL_ACCENT_COLOR_NAME = AccentColor;
				CODE_SIGN_ENTITLEMENTS = VitalStride/VitalStride.entitlements;
				CODE_SIGN_IDENTITY = "iPhone Developer";
				CURRENT_PROJECT_VERSION = 1;
				GENERATE_INFOPLIST_FILE = YES;
				INFOPLIST_GENERATION_MODE = GeneratedByBuildSystem;
				INFOPLIST_KEY_NSHealthShareUsageDescription = "VitalStride reads your health and activity data (heart rate, steps, sleep, workout history) to display training history, calculate activity summaries, and provide AI-powered training analysis and recommendations.";
				INFOPLIST_KEY_NSHealthUpdateUsageDescription = "VitalStride writes workout summaries to Apple Health to save Recorded Workouts you complete within the app, keeping your health data complete and consistent across apps.";
				INFOPLIST_KEY_UILaunchScreen_Generation = YES;
				LD_RUNPATH_SEARCH_PATHS = (
					"$(inherited)",
					"@executable_path/Frameworks",
				);
				MARKETING_VERSION = 1.0;
				PRODUCT_BUNDLE_IDENTIFIER = com.vitalstride.ios;
				PRODUCT_NAME = VitalStride;
				SDKROOT = iphoneos;
				SUPPORTED_INTERFACE_ORIENTATIONS = "UIInterfaceOrientationPortrait UIInterfaceOrientationLandscapeLeft UIInterfaceOrientationLandscapeRight";
				"SUPPORTED_INTERFACE_ORIENTATIONS~ipad" = "UIInterfaceOrientationPortrait UIInterfaceOrientationPortraitUpsideDown UIInterfaceOrientationLandscapeLeft UIInterfaceOrientationLandscapeRight";
				SWIFT_EMIT_LOC_STRINGS = YES;
				TARGETED_DEVICE_FAMILY = "1,2";
			};
			name = Release;
		};
		8A35EFFF66307B07F05FCB24 /* Release */ = {
			isa = XCBuildConfiguration;
			buildSettings = {
				ASSETCATALOG_COMPILER_APPICON_NAME = AppIcon;
				CODE_SIGN_ENTITLEMENTS = "VitalStrideWatch Watch App/VitalStrideWatch.entitlements";
				CURRENT_PROJECT_VERSION = 1;
				GENERATE_INFOPLIST_FILE = YES;
				INFOPLIST_GENERATION_MODE = GeneratedByBuildSystem;
				INFOPLIST_KEY_NSHealthShareUsageDescription = "VitalStride reads your health and activity data (heart rate, steps, sleep, workout history) to display training history, calculate activity summaries, and provide AI-powered training analysis and recommendations.";
				INFOPLIST_KEY_NSHealthUpdateUsageDescription = "VitalStride writes workout summaries to Apple Health to save Recorded Workouts you complete within the app, keeping your health data complete and consistent across apps.";
				INFOPLIST_KEY_UILaunchScreen_Generation = YES;
				MARKETING_VERSION = 1.0;
				PRODUCT_BUNDLE_IDENTIFIER = com.vitalstride.watchos;
				PRODUCT_NAME = "VitalStrideWatch Watch App";
				SDKROOT = watchos;
				SKIP_INSTALL = NO;
				SWIFT_EMIT_LOC_STRINGS = YES;
				TARGETED_DEVICE_FAMILY = 4;
				WATCHOS_DEPLOYMENT_TARGET = 11.0;
			};
			name = Release;
		};
		9ED354A4BE3EC2EB3BCF47AB /* Debug */ = {
			isa = XCBuildConfiguration;
			buildSettings = {
				ALWAYS_SEARCH_USER_PATHS = NO;
				CLANG_ANALYZER_NONNULL = YES;
				CLANG_ANALYZER_NUMBER_OBJECT_CONVERSION = YES_AGGRESSIVE;
				CLANG_CXX_LANGUAGE_STANDARD = "gnu++14";
				CLANG_CXX_LIBRARY = "libc++";
				CLANG_ENABLE_MODULES = YES;
				CLANG_ENABLE_OBJC_ARC = YES;
				CLANG_ENABLE_OBJC_WEAK = YES;
				CLANG_WARN_BLOCK_CAPTURE_AUTORELEASING = YES;
				CLANG_WARN_BOOL_CONVERSION = YES;
				CLANG_WARN_COMMA = YES;
				CLANG_WARN_CONSTANT_CONVERSION = YES;
				CLANG_WARN_DEPRECATED_OBJC_IMPLEMENTATIONS = YES;
				CLANG_WARN_DIRECT_OBJC_ISA_USAGE = YES_ERROR;
				CLANG_WARN_DOCUMENTATION_COMMENTS = YES;
				CLANG_WARN_EMPTY_BODY = YES;
				CLANG_WARN_ENUM_CONVERSION = YES;
				CLANG_WARN_INFINITE_RECURSION = YES;
				CLANG_WARN_INT_CONVERSION = YES;
				CLANG_WARN_NON_LITERAL_NULL_CONVERSION = YES;
				CLANG_WARN_OBJC_IMPLICIT_RETAIN_SELF = YES;
				CLANG_WARN_OBJC_LITERAL_CONVERSION = YES;
				CLANG_WARN_OBJC_ROOT_CLASS = YES_ERROR;
				CLANG_WARN_QUOTED_INCLUDE_IN_FRAMEWORK_HEADER = YES;
				CLANG_WARN_RANGE_LOOP_ANALYSIS = YES;
				CLANG_WARN_STRICT_PROTOTYPES = YES;
				CLANG_WARN_SUSPICIOUS_MOVE = YES;
				CLANG_WARN_UNGUARDED_AVAILABILITY = YES_AGGRESSIVE;
				CLANG_WARN_UNREACHABLE_CODE = YES;
				CLANG_WARN__DUPLICATE_METHOD_MATCH = YES;
				COPY_PHASE_STRIP = NO;
				DEBUG_INFORMATION_FORMAT = dwarf;
				ENABLE_STRICT_OBJC_MSGSEND = YES;
				ENABLE_TESTABILITY = YES;
				ENABLE_USER_SCRIPT_SANDBOXING = YES;
				GCC_C_LANGUAGE_STANDARD = gnu11;
				GCC_DYNAMIC_NO_PIC = NO;
				GCC_NO_COMMON_BLOCKS = YES;
				GCC_OPTIMIZATION_LEVEL = 0;
				GCC_PREPROCESSOR_DEFINITIONS = (
					"$(inherited)",
					"DEBUG=1",
				);
				GCC_WARN_64_TO_32_BIT_CONVERSION = YES;
				GCC_WARN_ABOUT_RETURN_TYPE = YES_ERROR;
				GCC_WARN_UNDECLARED_SELECTOR = YES;
				GCC_WARN_UNINITIALIZED_AUTOS = YES_AGGRESSIVE;
				GCC_WARN_UNUSED_FUNCTION = YES;
				GCC_WARN_UNUSED_VARIABLE = YES;
				IPHONEOS_DEPLOYMENT_TARGET = 18.0;
				MACOSX_DEPLOYMENT_TARGET = 15.0;
				MTL_ENABLE_DEBUG_INFO = INCLUDE_SOURCE;
				MTL_FAST_MATH = YES;
				ONLY_ACTIVE_ARCH = YES;
				PRODUCT_NAME = "$(TARGET_NAME)";
				SWIFT_ACTIVE_COMPILATION_CONDITIONS = DEBUG;
				SWIFT_OPTIMIZATION_LEVEL = "-Onone";
				SWIFT_VERSION = 6.0;
				WATCHOS_DEPLOYMENT_TARGET = 11.0;
			};
			name = Debug;
		};
		A357B764ACA00B7F4C898B2A /* Release */ = {
			isa = XCBuildConfiguration;
			buildSettings = {
				ASSETCATALOG_COMPILER_APPICON_NAME = AppIcon;
				CODE_SIGN_ENTITLEMENTS = VitalStrideMac/VitalStrideMac.entitlements;
				COMBINE_HIDPI_IMAGES = YES;
				CURRENT_PROJECT_VERSION = 1;
				GENERATE_INFOPLIST_FILE = YES;
				INFOPLIST_GENERATION_MODE = GeneratedByBuildSystem;
				LD_RUNPATH_SEARCH_PATHS = (
					"$(inherited)",
					"@executable_path/../Frameworks",
				);
				MARKETING_VERSION = 1.0;
				PRODUCT_BUNDLE_IDENTIFIER = com.vitalstride.mac;
				PRODUCT_NAME = VitalStride;
				SDKROOT = macosx;
				SWIFT_EMIT_LOC_STRINGS = YES;
			};
			name = Release;
		};
		F4932DBAEA8504D27664F13B /* Debug */ = {
			isa = XCBuildConfiguration;
			buildSettings = {
				ASSETCATALOG_COMPILER_APPICON_NAME = AppIcon;
				CODE_SIGN_ENTITLEMENTS = VitalStrideMac/VitalStrideMac.entitlements;
				COMBINE_HIDPI_IMAGES = YES;
				CURRENT_PROJECT_VERSION = 1;
				GENERATE_INFOPLIST_FILE = YES;
				INFOPLIST_GENERATION_MODE = GeneratedByBuildSystem;
				LD_RUNPATH_SEARCH_PATHS = (
					"$(inherited)",
					"@executable_path/../Frameworks",
				);
				MARKETING_VERSION = 1.0;
				PRODUCT_BUNDLE_IDENTIFIER = com.vitalstride.mac;
				PRODUCT_NAME = VitalStride;
				SDKROOT = macosx;
				SWIFT_EMIT_LOC_STRINGS = YES;
			};
			name = Debug;
		};
/* End XCBuildConfiguration section */

/* Begin XCConfigurationList section */
		5944BFE0054AF2F9448917CA /* Build configuration list for PBXNativeTarget "VitalStrideMac" */ = {
			isa = XCConfigurationList;
			buildConfigurations = (
				F4932DBAEA8504D27664F13B /* Debug */,
				A357B764ACA00B7F4C898B2A /* Release */,
			);
			defaultConfigurationIsVisible = 0;
			defaultConfigurationName = Debug;
		};
		798C86DC0902C08E381398E0 /* Build configuration list for PBXNativeTarget "VitalStrideTests" */ = {
			isa = XCConfigurationList;
			buildConfigurations = (
				66435532182BFF1C3F322AD9 /* Debug */,
				20B1FCCF086ADB7FB28C0555 /* Release */,
			);
			defaultConfigurationIsVisible = 0;
			defaultConfigurationName = Debug;
		};
		C29019B9ACC18F1CF4D99877 /* Build configuration list for PBXProject "VitalStride" */ = {
			isa = XCConfigurationList;
			buildConfigurations = (
				9ED354A4BE3EC2EB3BCF47AB /* Debug */,
				448B2581FF2848996C3CF81C /* Release */,
			);
			defaultConfigurationIsVisible = 0;
			defaultConfigurationName = Debug;
		};
		CBDB41EA5B6903F69164FED3 /* Build configuration list for PBXNativeTarget "VitalStrideWatch Watch App" */ = {
			isa = XCConfigurationList;
			buildConfigurations = (
				2BEE8ADBD88D3DEB8A4ED506 /* Debug */,
				8A35EFFF66307B07F05FCB24 /* Release */,
			);
			defaultConfigurationIsVisible = 0;
			defaultConfigurationName = Debug;
		};
		FC88F62230EB4B7588A831C4 /* Build configuration list for PBXNativeTarget "VitalStride" */ = {
			isa = XCConfigurationList;
			buildConfigurations = (
				24E9B7081BE4E2CD4D68F33F /* Debug */,
				8928BC1F8D1BBC8007751648 /* Release */,
			);
			defaultConfigurationIsVisible = 0;
			defaultConfigurationName = Debug;
		};
/* End XCConfigurationList section */
	};
	rootObject = 05D27E8A4B6AC68E00793EFF /* Project object */;
}
